
Microsoft Visual Studio Solution File, Format Version 12.00
# Visual Studio 2012
Project("{F2A71F9B-5D33-465A-A702-920D77279786}") = "LintentEngine", "LintentEngine\LintentEngine.fsproj", "{A7F3457A-E708-4748-9836-4E0C7EB52B99}"
EndProject
Project("{F2A71F9B-5D33-465A-A702-920D77279786}") = "FSharpCommon", "FSharpCommon\FSharpCommon.fsproj", "{0C5B2468-77F1-42A9-B89A-D2028353D6DA}"
EndProject
Global
	GlobalSection(SolutionConfigurationPlatforms) = preSolution
		Debug|Any CPU = Debug|Any CPU
		Release|Any CPU = Release|Any CPU
	EndGlobalSection
	GlobalSection(ProjectConfigurationPlatforms) = postSolution
		{A7F3457A-E708-4748-9836-4E0C7EB52B99}.Debug|Any CPU.ActiveCfg = Debug|Any CPU
		{A7F3457A-E708-4748-9836-4E0C7EB52B99}.Debug|Any CPU.Build.0 = Debug|Any CPU
		{A7F3457A-E708-4748-9836-4E0C7EB52B99}.Release|Any CPU.ActiveCfg = Release|Any CPU
		{A7F3457A-E708-4748-9836-4E0C7EB52B99}.Release|Any CPU.Build.0 = Release|Any CPU
		{0C5B2468-77F1-42A9-B89A-D2028353D6DA}.Debug|Any CPU.ActiveCfg = Debug|Any CPU
		{0C5B2468-77F1-42A9-B89A-D2028353D6DA}.Debug|Any CPU.Build.0 = Debug|Any CPU
		{0C5B2468-77F1-42A9-B89A-D2028353D6DA}.Release|Any CPU.ActiveCfg = Release|Any CPU
		{0C5B2468-77F1-42A9-B89A-D2028353D6DA}.Release|Any CPU.Build.0 = Release|Any CPU
	EndGlobalSection
	GlobalSection(SolutionProperties) = preSolution
		HideSolutionNode = FALSE
	EndGlobalSection
EndGlobal
